
Microsoft Visual Studio Solution File, Format Version 12.00
Project("{FAE04EC0-301F-11D3-BF4B-00C04F79EFBC}") = "BarmanBot", "BarmanBot\BarmanBot.csproj", "{07A73D45-7265-4297-8CCC-3822F6D99D23}"
EndProject
Global
	GlobalSection(SolutionConfigurationPlatforms) = preSolution
		Debug|Any CPU = Debug|Any CPU
		Release|Any CPU = Release|Any CPU
	EndGlobalSection
	GlobalSection(ProjectConfigurationPlatforms) = postSolution
		{07A73D45-7265-4297-8CCC-3822F6D99D23}.Debug|Any CPU.ActiveCfg = Debug|Any CPU
		{07A73D45-7265-4297-8CCC-3822F6D99D23}.Debug|Any CPU.Build.0 = Debug|Any CPU
		{07A73D45-7265-4297-8CCC-3822F6D99D23}.Release|Any CPU.ActiveCfg = Release|Any CPU
		{07A73D45-7265-4297-8CCC-3822F6D99D23}.Release|Any CPU.Build.0 = Release|Any CPU
	EndGlobalSection
EndGlobal
